
Microsoft Visual Studio Solution File, Format Version 12.00
# Visual Studio Version 17
VisualStudioVersion = 17.3.32929.385
MinimumVisualStudioVersion = 10.0.40219.1
Project("{9A19103F-16F7-4668-BE54-9A1E7A4F7556}") = "e-Tickets", "e-Tickets\e-Tickets.csproj", "{0A2B6441-274A-414D-8876-77BE3F322C17}"
EndProject
Global
	GlobalSection(SolutionConfigurationPlatforms) = preSolution
		Debug|Any CPU = Debug|Any CPU
		Release|Any CPU = Release|Any CPU
	EndGlobalSection
	GlobalSection(ProjectConfigurationPlatforms) = postSolution
		{0A2B6441-274A-414D-8876-77BE3F322C17}.Debug|Any CPU.ActiveCfg = Debug|Any CPU
		{0A2B6441-274A-414D-8876-77BE3F322C17}.Debug|Any CPU.Build.0 = Debug|Any CPU
		{0A2B6441-274A-414D-8876-77BE3F322C17}.Release|Any CPU.ActiveCfg = Release|Any CPU
		{0A2B6441-274A-414D-8876-77BE3F322C17}.Release|Any CPU.Build.0 = Release|Any CPU
	EndGlobalSection
	GlobalSection(SolutionProperties) = preSolution
		HideSolutionNode = FALSE
	EndGlobalSection
	GlobalSection(ExtensibilityGlobals) = postSolution
		SolutionGuid = {AFB27C30-0316-460E-A85E-50E1DE31E5F9}
	EndGlobalSection
EndGlobal
